
Microsoft Visual Studio Solution File, Format Version 12.00
# Visual Studio Version 17
VisualStudioVersion = 17.8.0.0
MinimumVisualStudioVersion = 17.8.0.0
Project("{9A19103F-16F7-4668-BE54-9A1E7A4F7556}") = "Portfolio.AppHost", "Portfolio.AppHost\Portfolio.AppHost.csproj", "{8EF8DB7B-6D67-42E9-A413-79A3C79A92E2}"
EndProject
Project("{9A19103F-16F7-4668-BE54-9A1E7A4F7556}") = "Portfolio.ServiceDefaults", "Portfolio.ServiceDefaults\Portfolio.ServiceDefaults.csproj", "{046C400B-16DE-4CD7-A56A-65688DA235DF}"
EndProject
Project("{9A19103F-16F7-4668-BE54-9A1E7A4F7556}") = "Portfolio.ApiService", "Portfolio.ApiService\Portfolio.ApiService.csproj", "{06AF3AA2-630A-4914-8630-1AAB9A522DE6}"
EndProject
Project("{9A19103F-16F7-4668-BE54-9A1E7A4F7556}") = "Portfolio.Web", "Portfolio.Web\Portfolio.Web.csproj", "{9B4BFDCB-F1B0-459B-9797-5F0BF70B3282}"
EndProject
Project("{FAE04EC0-301F-11D3-BF4B-00C04F79EFBC}") = "Portfolio.Profile.Api", "Portfolio.Profile.Api\Portfolio.Profile.Api.csproj", "{1956375C-7A5D-4C69-BAA2-9AE25F22F890}"
EndProject
Project("{FAE04EC0-301F-11D3-BF4B-00C04F79EFBC}") = "Portfolio.Projects.Api", "Portfolio.Projects.Api\Portfolio.Projects.Api.csproj", "{D05AC542-7246-4838-B45D-DFF675059B27}"
EndProject
Project("{FAE04EC0-301F-11D3-BF4B-00C04F79EFBC}") = "Portfolio.Contact.Api", "Portfolio.Contact.Api\Portfolio.Contact.Api.csproj", "{25E1ACC1-5BA7-4F8B-9A83-AFB4DCFF31A4}"
EndProject
Project("{FAE04EC0-301F-11D3-BF4B-00C04F79EFBC}") = "Portfolio.Gateway", "Portfolio.Gateway\Portfolio.Gateway.csproj", "{BADA4F71-1718-4626-88EA-710855B8F191}"
EndProject
Project("{FAE04EC0-301F-11D3-BF4B-00C04F79EFBC}") = "Portfolio.Auth.Api", "Portfolio.Auth.Api\Portfolio.Auth.Api.csproj", "{AC5A2023-4E64-4FA7-9464-86CC775EEC1F}"
EndProject
Global
	GlobalSection(SolutionConfigurationPlatforms) = preSolution
		Debug|Any CPU = Debug|Any CPU
		Debug|x64 = Debug|x64
		Debug|x86 = Debug|x86
		Release|Any CPU = Release|Any CPU
		Release|x64 = Release|x64
		Release|x86 = Release|x86
	EndGlobalSection
	GlobalSection(ProjectConfigurationPlatforms) = postSolution
		{8EF8DB7B-6D67-42E9-A413-79A3C79A92E2}.Debug|Any CPU.ActiveCfg = Debug|Any CPU
		{8EF8DB7B-6D67-42E9-A413-79A3C79A92E2}.Debug|Any CPU.Build.0 = Debug|Any CPU
		{8EF8DB7B-6D67-42E9-A413-79A3C79A92E2}.Debug|x64.ActiveCfg = Debug|Any CPU
		{8EF8DB7B-6D67-42E9-A413-79A3C79A92E2}.Debug|x64.Build.0 = Debug|Any CPU
		{8EF8DB7B-6D67-42E9-A413-79A3C79A92E2}.Debug|x86.ActiveCfg = Debug|Any CPU
		{8EF8DB7B-6D67-42E9-A413-79A3C79A92E2}.Debug|x86.Build.0 = Debug|Any CPU
		{8EF8DB7B-6D67-42E9-A413-79A3C79A92E2}.Release|Any CPU.ActiveCfg = Release|Any CPU
		{8EF8DB7B-6D67-42E9-A413-79A3C79A92E2}.Release|Any CPU.Build.0 = Release|Any CPU
		{8EF8DB7B-6D67-42E9-A413-79A3C79A92E2}.Release|x64.ActiveCfg = Release|Any CPU
		{8EF8DB7B-6D67-42E9-A413-79A3C79A92E2}.Release|x64.Build.0 = Release|Any CPU
		{8EF8DB7B-6D67-42E9-A413-79A3C79A92E2}.Release|x86.ActiveCfg = Release|Any CPU
		{8EF8DB7B-6D67-42E9-A413-79A3C79A92E2}.Release|x86.Build.0 = Release|Any CPU
		{046C400B-16DE-4CD7-A56A-65688DA235DF}.Debug|Any CPU.ActiveCfg = Debug|Any CPU
		{046C400B-16DE-4CD7-A56A-65688DA235DF}.Debug|Any CPU.Build.0 = Debug|Any CPU
		{046C400B-16DE-4CD7-A56A-65688DA235DF}.Debug|x64.ActiveCfg = Debug|Any CPU
		{046C400B-16DE-4CD7-A56A-65688DA235DF}.Debug|x64.Build.0 = Debug|Any CPU
		{046C400B-16DE-4CD7-A56A-65688DA235DF}.Debug|x86.ActiveCfg = Debug|Any CPU
		{046C400B-16DE-4CD7-A56A-65688DA235DF}.Debug|x86.Build.0 = Debug|Any CPU
		{046C400B-16DE-4CD7-A56A-65688DA235DF}.Release|Any CPU.ActiveCfg = Release|Any CPU
		{046C400B-16DE-4CD7-A56A-65688DA235DF}.Release|Any CPU.Build.0 = Release|Any CPU
		{046C400B-16DE-4CD7-A56A-65688DA235DF}.Release|x64.ActiveCfg = Release|Any CPU
		{046C400B-16DE-4CD7-A56A-65688DA235DF}.Release|x64.Build.0 = Release|Any CPU
		{046C400B-16DE-4CD7-A56A-65688DA235DF}.Release|x86.ActiveCfg = Release|Any CPU
		{046C400B-16DE-4CD7-A56A-65688DA235DF}.Release|x86.Build.0 = Release|Any CPU
		{06AF3AA2-630A-4914-8630-1AAB9A522DE6}.Debug|Any CPU.ActiveCfg = Debug|Any CPU
		{06AF3AA2-630A-4914-8630-1AAB9A522DE6}.Debug|Any CPU.Build.0 = Debug|Any CPU
		{06AF3AA2-630A-4914-8630-1AAB9A522DE6}.Debug|x64.ActiveCfg = Debug|Any CPU
		{06AF3AA2-630A-4914-8630-1AAB9A522DE6}.Debug|x64.Build.0 = Debug|Any CPU
		{06AF3AA2-630A-4914-8630-1AAB9A522DE6}.Debug|x86.ActiveCfg = Debug|Any CPU
		{06AF3AA2-630A-4914-8630-1AAB9A522DE6}.Debug|x86.Build.0 = Debug|Any CPU
		{06AF3AA2-630A-4914-8630-1AAB9A522DE6}.Release|Any CPU.ActiveCfg = Release|Any CPU
		{06AF3AA2-630A-4914-8630-1AAB9A522DE6}.Release|Any CPU.Build.0 = Release|Any CPU
		{06AF3AA2-630A-4914-8630-1AAB9A522DE6}.Release|x64.ActiveCfg = Release|Any CPU
		{06AF3AA2-630A-4914-8630-1AAB9A522DE6}.Release|x64.Build.0 = Release|Any CPU
		{06AF3AA2-630A-4914-8630-1AAB9A522DE6}.Release|x86.ActiveCfg = Release|Any CPU
		{06AF3AA2-630A-4914-8630-1AAB9A522DE6}.Release|x86.Build.0 = Release|Any CPU
		{9B4BFDCB-F1B0-459B-9797-5F0BF70B3282}.Debug|Any CPU.ActiveCfg = Debug|Any CPU
		{9B4BFDCB-F1B0-459B-9797-5F0BF70B3282}.Debug|Any CPU.Build.0 = Debug|Any CPU
		{9B4BFDCB-F1B0-459B-9797-5F0BF70B3282}.Debug|x64.ActiveCfg = Debug|Any CPU
		{9B4BFDCB-F1B0-459B-9797-5F0BF70B3282}.Debug|x64.Build.0 = Debug|Any CPU
		{9B4BFDCB-F1B0-459B-9797-5F0BF70B3282}.Debug|x86.ActiveCfg = Debug|Any CPU
		{9B4BFDCB-F1B0-459B-9797-5F0BF70B3282}.Debug|x86.Build.0 = Debug|Any CPU
		{9B4BFDCB-F1B0-459B-9797-5F0BF70B3282}.Release|Any CPU.ActiveCfg = Release|Any CPU
		{9B4BFDCB-F1B0-459B-9797-5F0BF70B3282}.Release|Any CPU.Build.0 = Release|Any CPU
		{9B4BFDCB-F1B0-459B-9797-5F0BF70B3282}.Release|x64.ActiveCfg = Release|Any CPU
		{9B4BFDCB-F1B0-459B-9797-5F0BF70B3282}.Release|x64.Build.0 = Release|Any CPU
		{9B4BFDCB-F1B0-459B-9797-5F0BF70B3282}.Release|x86.ActiveCfg = Release|Any CPU
		{9B4BFDCB-F1B0-459B-9797-5F0BF70B3282}.Release|x86.Build.0 = Release|Any CPU
		{1956375C-7A5D-4C69-BAA2-9AE25F22F890}.Debug|Any CPU.ActiveCfg = Debug|Any CPU
		{1956375C-7A5D-4C69-BAA2-9AE25F22F890}.Debug|Any CPU.Build.0 = Debug|Any CPU
		{1956375C-7A5D-4C69-BAA2-9AE25F22F890}.Debug|x64.ActiveCfg = Debug|Any CPU
		{1956375C-7A5D-4C69-BAA2-9AE25F22F890}.Debug|x64.Build.0 = Debug|Any CPU
		{1956375C-7A5D-4C69-BAA2-9AE25F22F890}.Debug|x86.ActiveCfg = Debug|Any CPU
		{1956375C-7A5D-4C69-BAA2-9AE25F22F890}.Debug|x86.Build.0 = Debug|Any CPU
		{1956375C-7A5D-4C69-BAA2-9AE25F22F890}.Release|Any CPU.ActiveCfg = Release|Any CPU
		{1956375C-7A5D-4C69-BAA2-9AE25F22F890}.Release|Any CPU.Build.0 = Release|Any CPU
		{1956375C-7A5D-4C69-BAA2-9AE25F22F890}.Release|x64.ActiveCfg = Release|Any CPU
		{1956375C-7A5D-4C69-BAA2-9AE25F22F890}.Release|x64.Build.0 = Release|Any CPU
		{1956375C-7A5D-4C69-BAA2-9AE25F22F890}.Release|x86.ActiveCfg = Release|Any CPU
		{1956375C-7A5D-4C69-BAA2-9AE25F22F890}.Release|x86.Build.0 = Release|Any CPU
		{D05AC542-7246-4838-B45D-DFF675059B27}.Debug|Any CPU.ActiveCfg = Debug|Any CPU
		{D05AC542-7246-4838-B45D-DFF675059B27}.Debug|Any CPU.Build.0 = Debug|Any CPU
		{D05AC542-7246-4838-B45D-DFF675059B27}.Debug|x64.ActiveCfg = Debug|Any CPU
		{D05AC542-7246-4838-B45D-DFF675059B27}.Debug|x64.Build.0 = Debug|Any CPU
		{D05AC542-7246-4838-B45D-DFF675059B27}.Debug|x86.ActiveCfg = Debug|Any CPU
		{D05AC542-7246-4838-B45D-DFF675059B27}.Debug|x86.Build.0 = Debug|Any CPU
		{D05AC542-7246-4838-B45D-DFF675059B27}.Release|Any CPU.ActiveCfg = Release|Any CPU
		{D05AC542-7246-4838-B45D-DFF675059B27}.Release|Any CPU.Build.0 = Release|Any CPU
		{D05AC542-7246-4838-B45D-DFF675059B27}.Release|x64.ActiveCfg = Release|Any CPU
		{D05AC542-7246-4838-B45D-DFF675059B27}.Release|x64.Build.0 = Release|Any CPU
		{D05AC542-7246-4838-B45D-DFF675059B27}.Release|x86.ActiveCfg = Release|Any CPU
		{D05AC542-7246-4838-B45D-DFF675059B27}.Release|x86.Build.0 = Release|Any CPU
		{25E1ACC1-5BA7-4F8B-9A83-AFB4DCFF31A4}.Debug|Any CPU.ActiveCfg = Debug|Any CPU
		{25E1ACC1-5BA7-4F8B-9A83-AFB4DCFF31A4}.Debug|Any CPU.Build.0 = Debug|Any CPU
		{25E1ACC1-5BA7-4F8B-9A83-AFB4DCFF31A4}.Debug|x64.ActiveCfg = Debug|Any CPU
		{25E1ACC1-5BA7-4F8B-9A83-AFB4DCFF31A4}.Debug|x64.Build.0 = Debug|Any CPU
		{25E1ACC1-5BA7-4F8B-9A83-AFB4DCFF31A4}.Debug|x86.ActiveCfg = Debug|Any CPU
		{25E1ACC1-5BA7-4F8B-9A83-AFB4DCFF31A4}.Debug|x86.Build.0 = Debug|Any CPU
		{25E1ACC1-5BA7-4F8B-9A83-AFB4DCFF31A4}.Release|Any CPU.ActiveCfg = Release|Any CPU
		{25E1ACC1-5BA7-4F8B-9A83-AFB4DCFF31A4}.Release|Any CPU.Build.0 = Release|Any CPU
		{25E1ACC1-5BA7-4F8B-9A83-AFB4DCFF31A4}.Release|x64.ActiveCfg = Release|Any CPU
		{25E1ACC1-5BA7-4F8B-9A83-AFB4DCFF31A4}.Release|x64.Build.0 = Release|Any CPU
		{25E1ACC1-5BA7-4F8B-9A83-AFB4DCFF31A4}.Release|x86.ActiveCfg = Release|Any CPU
		{25E1ACC1-5BA7-4F8B-9A83-AFB4DCFF31A4}.Release|x86.Build.0 = Release|Any CPU
		{BADA4F71-1718-4626-88EA-710855B8F191}.Debug|Any CPU.ActiveCfg = Debug|Any CPU
		{BADA4F71-1718-4626-88EA-710855B8F191}.Debug|Any CPU.Build.0 = Debug|Any CPU
		{BADA4F71-1718-4626-88EA-710855B8F191}.Debug|x64.ActiveCfg = Debug|Any CPU
		{BADA4F71-1718-4626-88EA-710855B8F191}.Debug|x64.Build.0 = Debug|Any CPU
		{BADA4F71-1718-4626-88EA-710855B8F191}.Debug|x86.ActiveCfg = Debug|Any CPU
		{BADA4F71-1718-4626-88EA-710855B8F191}.Debug|x86.Build.0 = Debug|Any CPU
		{BADA4F71-1718-4626-88EA-710855B8F191}.Release|Any CPU.ActiveCfg = Release|Any CPU
		{BADA4F71-1718-4626-88EA-710855B8F191}.Release|Any CPU.Build.0 = Release|Any CPU
		{BADA4F71-1718-4626-88EA-710855B8F191}.Release|x64.ActiveCfg = Release|Any CPU
		{BADA4F71-1718-4626-88EA-710855B8F191}.Release|x64.Build.0 = Release|Any CPU
		{BADA4F71-1718-4626-88EA-710855B8F191}.Release|x86.ActiveCfg = Release|Any CPU
		{BADA4F71-1718-4626-88EA-710855B8F191}.Release|x86.Build.0 = Release|Any CPU
		{AC5A2023-4E64-4FA7-9464-86CC775EEC1F}.Debug|Any CPU.ActiveCfg = Debug|Any CPU
		{AC5A2023-4E64-4FA7-9464-86CC775EEC1F}.Debug|Any CPU.Build.0 = Debug|Any CPU
		{AC5A2023-4E64-4FA7-9464-86CC775EEC1F}.Debug|x64.ActiveCfg = Debug|Any CPU
		{AC5A2023-4E64-4FA7-9464-86CC775EEC1F}.Debug|x64.Build.0 = Debug|Any CPU
		{AC5A2023-4E64-4FA7-9464-86CC775EEC1F}.Debug|x86.ActiveCfg = Debug|Any CPU
		{AC5A2023-4E64-4FA7-9464-86CC775EEC1F}.Debug|x86.Build.0 = Debug|Any CPU
		{AC5A2023-4E64-4FA7-9464-86CC775EEC1F}.Release|Any CPU.ActiveCfg = Release|Any CPU
		{AC5A2023-4E64-4FA7-9464-86CC775EEC1F}.Release|Any CPU.Build.0 = Release|Any CPU
		{AC5A2023-4E64-4FA7-9464-86CC775EEC1F}.Release|x64.ActiveCfg = Release|Any CPU
		{AC5A2023-4E64-4FA7-9464-86CC775EEC1F}.Release|x64.Build.0 = Release|Any CPU
		{AC5A2023-4E64-4FA7-9464-86CC775EEC1F}.Release|x86.ActiveCfg = Release|Any CPU
		{AC5A2023-4E64-4FA7-9464-86CC775EEC1F}.Release|x86.Build.0 = Release|Any CPU
	EndGlobalSection
	GlobalSection(SolutionProperties) = preSolution
		HideSolutionNode = FALSE
	EndGlobalSection
	GlobalSection(ExtensibilityGlobals) = postSolution
		SolutionGuid = {F81924A8-F90C-41C3-A23E-B3A56A135644}
	EndGlobalSection
EndGlobal
